
Microsoft Visual Studio Solution File, Format Version 12.00
# Visual Studio Version 17
VisualStudioVersion = 17.0.31903.59
MinimumVisualStudioVersion = 10.0.40219.1
Project("{FAE04EC0-301F-11D3-BF4B-00C04F79EFBC}") = "AddressBookSystem", "AddressBookSystem\AddressBookSystem.csproj", "{A5BFBC24-346D-4289-ACCC-9D4C93EA224B}"
EndProject
Project("{FAE04EC0-301F-11D3-BF4B-00C04F79EFBC}") = "Models", "Models\Models.csproj", "{CACC064C-B7BB-463D-B25D-83DBDC928362}"
EndProject
Project("{FAE04EC0-301F-11D3-BF4B-00C04F79EFBC}") = "Repository", "Repository\Repository.csproj", "{6D58AB34-9FAE-4A7E-9650-E34B9D6D0F9B}"
EndProject
Project("{FAE04EC0-301F-11D3-BF4B-00C04F79EFBC}") = "Business", "Business\Business.csproj", "{001839B8-1765-4783-9509-6255E9B5A864}"
EndProject
Global
	GlobalSection(SolutionConfigurationPlatforms) = preSolution
		Debug|Any CPU = Debug|Any CPU
		Release|Any CPU = Release|Any CPU
	EndGlobalSection
	GlobalSection(SolutionProperties) = preSolution
		HideSolutionNode = FALSE
	EndGlobalSection
	GlobalSection(ProjectConfigurationPlatforms) = postSolution
		{A5BFBC24-346D-4289-ACCC-9D4C93EA224B}.Debug|Any CPU.ActiveCfg = Debug|Any CPU
		{A5BFBC24-346D-4289-ACCC-9D4C93EA224B}.Debug|Any CPU.Build.0 = Debug|Any CPU
		{A5BFBC24-346D-4289-ACCC-9D4C93EA224B}.Release|Any CPU.ActiveCfg = Release|Any CPU
		{A5BFBC24-346D-4289-ACCC-9D4C93EA224B}.Release|Any CPU.Build.0 = Release|Any CPU
		{CACC064C-B7BB-463D-B25D-83DBDC928362}.Debug|Any CPU.ActiveCfg = Debug|Any CPU
		{CACC064C-B7BB-463D-B25D-83DBDC928362}.Debug|Any CPU.Build.0 = Debug|Any CPU
		{CACC064C-B7BB-463D-B25D-83DBDC928362}.Release|Any CPU.ActiveCfg = Release|Any CPU
		{CACC064C-B7BB-463D-B25D-83DBDC928362}.Release|Any CPU.Build.0 = Release|Any CPU
		{6D58AB34-9FAE-4A7E-9650-E34B9D6D0F9B}.Debug|Any CPU.ActiveCfg = Debug|Any CPU
		{6D58AB34-9FAE-4A7E-9650-E34B9D6D0F9B}.Debug|Any CPU.Build.0 = Debug|Any CPU
		{6D58AB34-9FAE-4A7E-9650-E34B9D6D0F9B}.Release|Any CPU.ActiveCfg = Release|Any CPU
		{6D58AB34-9FAE-4A7E-9650-E34B9D6D0F9B}.Release|Any CPU.Build.0 = Release|Any CPU
		{001839B8-1765-4783-9509-6255E9B5A864}.Debug|Any CPU.ActiveCfg = Debug|Any CPU
		{001839B8-1765-4783-9509-6255E9B5A864}.Debug|Any CPU.Build.0 = Debug|Any CPU
		{001839B8-1765-4783-9509-6255E9B5A864}.Release|Any CPU.ActiveCfg = Release|Any CPU
		{001839B8-1765-4783-9509-6255E9B5A864}.Release|Any CPU.Build.0 = Release|Any CPU
	EndGlobalSection
EndGlobal
